
Microsoft Visual Studio Solution File, Format Version 12.00
# Visual Studio Version 16
VisualStudioVersion = 16.0.809.1
MinimumVisualStudioVersion = 10.0.40219.1
Project("{FAE04EC0-301F-11D3-BF4B-00C04F79EFBC}") = "Catalog.API", "Catalog.API\Catalog.API.csproj", "{BC230331-A842-4A06-856E-55FBDB151EEC}"
EndProject
Project("{2150E333-8FDC-42A3-9474-1A3956D46DE8}") = "Services", "Services", "{9501206C-19B2-45C6-9430-20ABEC2BE501}"
EndProject
Project("{2150E333-8FDC-42A3-9474-1A3956D46DE8}") = "Catalog", "Catalog", "{3EC0D8CB-57AE-4259-988C-C2A71D239E25}"
EndProject
Global
	GlobalSection(SolutionConfigurationPlatforms) = preSolution
		Debug|Any CPU = Debug|Any CPU
		Release|Any CPU = Release|Any CPU
	EndGlobalSection
	GlobalSection(ProjectConfigurationPlatforms) = postSolution
		{BC230331-A842-4A06-856E-55FBDB151EEC}.Debug|Any CPU.ActiveCfg = Debug|Any CPU
		{BC230331-A842-4A06-856E-55FBDB151EEC}.Debug|Any CPU.Build.0 = Debug|Any CPU
		{BC230331-A842-4A06-856E-55FBDB151EEC}.Release|Any CPU.ActiveCfg = Release|Any CPU
		{BC230331-A842-4A06-856E-55FBDB151EEC}.Release|Any CPU.Build.0 = Release|Any CPU
	EndGlobalSection
	GlobalSection(SolutionProperties) = preSolution
		HideSolutionNode = FALSE
	EndGlobalSection
	GlobalSection(ExtensibilityGlobals) = postSolution
		SolutionGuid = {028BD8FF-9EB3-4444-9D1E-EC13570958D4}
	EndGlobalSection
	GlobalSection(NestedProjects) = preSolution
		{3EC0D8CB-57AE-4259-988C-C2A71D239E25} = {9501206C-19B2-45C6-9430-20ABEC2BE501}
		{BC230331-A842-4A06-856E-55FBDB151EEC} = {3EC0D8CB-57AE-4259-988C-C2A71D239E25}
	EndGlobalSection
EndGlobal
