
Microsoft Visual Studio Solution File, Format Version 12.00
# Visual Studio Version 16
VisualStudioVersion = 16.0.809.1
MinimumVisualStudioVersion = 10.0.40219.1
Project("{FAE04EC0-301F-11D3-BF4B-00C04F79EFBC}") = "Catalog.API", "Services\Catalog\Catalog.API\Catalog.API.csproj", "{BF79000D-25D6-4D7E-BA67-4DC1DFBBE235}"
EndProject
Project("{E53339B2-1760-4266-BCC7-CA923CBCF16C}") = "docker-compose", "docker-compose.dcproj", "{D0FAA48E-B35B-416D-8527-ED37F9DB359C}"
EndProject
Project("{2150E333-8FDC-42A3-9474-1A3956D46DE8}") = "Services", "Services", "{3519E7E6-F4F5-4907-B699-0DD0385FBF2B}"
EndProject
Project("{2150E333-8FDC-42A3-9474-1A3956D46DE8}") = "Catalog", "Catalog", "{C410A178-7664-4A12-8038-C5E52B63D1BE}"
EndProject
Project("{2150E333-8FDC-42A3-9474-1A3956D46DE8}") = "Basket", "Basket", "{26BB2BBF-9602-41A3-B7B5-EA5106452143}"
EndProject
Project("{2150E333-8FDC-42A3-9474-1A3956D46DE8}") = "Discount", "Discount", "{690C4101-E0B0-40FF-A284-6994CAF0F3CC}"
EndProject
Project("{FAE04EC0-301F-11D3-BF4B-00C04F79EFBC}") = "Discount.API", "Services\Discount\Discount.API\Discount.API.csproj", "{33DFB4F8-BEF3-4B98-B498-039E7B3D0CF3}"
EndProject
Project("{FAE04EC0-301F-11D3-BF4B-00C04F79EFBC}") = "Basket.API", "Services\Basket\Basket.API\Basket.API.csproj", "{7C1670B7-B045-457E-AD09-3B2CAA20D2AF}"
EndProject
Global
	GlobalSection(SolutionConfigurationPlatforms) = preSolution
		Debug|Any CPU = Debug|Any CPU
		Release|Any CPU = Release|Any CPU
	EndGlobalSection
	GlobalSection(ProjectConfigurationPlatforms) = postSolution
		{BF79000D-25D6-4D7E-BA67-4DC1DFBBE235}.Debug|Any CPU.ActiveCfg = Debug|Any CPU
		{BF79000D-25D6-4D7E-BA67-4DC1DFBBE235}.Debug|Any CPU.Build.0 = Debug|Any CPU
		{BF79000D-25D6-4D7E-BA67-4DC1DFBBE235}.Release|Any CPU.ActiveCfg = Release|Any CPU
		{BF79000D-25D6-4D7E-BA67-4DC1DFBBE235}.Release|Any CPU.Build.0 = Release|Any CPU
		{D0FAA48E-B35B-416D-8527-ED37F9DB359C}.Debug|Any CPU.ActiveCfg = Debug|Any CPU
		{D0FAA48E-B35B-416D-8527-ED37F9DB359C}.Debug|Any CPU.Build.0 = Debug|Any CPU
		{D0FAA48E-B35B-416D-8527-ED37F9DB359C}.Release|Any CPU.ActiveCfg = Release|Any CPU
		{D0FAA48E-B35B-416D-8527-ED37F9DB359C}.Release|Any CPU.Build.0 = Release|Any CPU
		{33DFB4F8-BEF3-4B98-B498-039E7B3D0CF3}.Debug|Any CPU.ActiveCfg = Debug|Any CPU
		{33DFB4F8-BEF3-4B98-B498-039E7B3D0CF3}.Debug|Any CPU.Build.0 = Debug|Any CPU
		{33DFB4F8-BEF3-4B98-B498-039E7B3D0CF3}.Release|Any CPU.ActiveCfg = Release|Any CPU
		{33DFB4F8-BEF3-4B98-B498-039E7B3D0CF3}.Release|Any CPU.Build.0 = Release|Any CPU
		{7C1670B7-B045-457E-AD09-3B2CAA20D2AF}.Debug|Any CPU.ActiveCfg = Debug|Any CPU
		{7C1670B7-B045-457E-AD09-3B2CAA20D2AF}.Debug|Any CPU.Build.0 = Debug|Any CPU
		{7C1670B7-B045-457E-AD09-3B2CAA20D2AF}.Release|Any CPU.ActiveCfg = Release|Any CPU
		{7C1670B7-B045-457E-AD09-3B2CAA20D2AF}.Release|Any CPU.Build.0 = Release|Any CPU
	EndGlobalSection
	GlobalSection(SolutionProperties) = preSolution
		HideSolutionNode = FALSE
	EndGlobalSection
	GlobalSection(ExtensibilityGlobals) = postSolution
		SolutionGuid = {028BD8FF-9EB3-4444-9D1E-EC13570958D4}
	EndGlobalSection
	GlobalSection(NestedProjects) = preSolution
		{C410A178-7664-4A12-8038-C5E52B63D1BE} = {3519E7E6-F4F5-4907-B699-0DD0385FBF2B}
		{BF79000D-25D6-4D7E-BA67-4DC1DFBBE235} = {C410A178-7664-4A12-8038-C5E52B63D1BE}
		{26BB2BBF-9602-41A3-B7B5-EA5106452143} = {3519E7E6-F4F5-4907-B699-0DD0385FBF2B}
		{690C4101-E0B0-40FF-A284-6994CAF0F3CC} = {3519E7E6-F4F5-4907-B699-0DD0385FBF2B}
		{33DFB4F8-BEF3-4B98-B498-039E7B3D0CF3} = {690C4101-E0B0-40FF-A284-6994CAF0F3CC}
		{7C1670B7-B045-457E-AD09-3B2CAA20D2AF} = {26BB2BBF-9602-41A3-B7B5-EA5106452143}
	EndGlobalSection
EndGlobal
